PODS:
  - connectivity (0.0.1):
    - Flutter
    - Reachability
  - connectivity_macos (0.0.1):
    - Flutter
  - Flutter (1.0.0)
  - geolocator (5.3.0):
    - Flutter
  - google_api_availability (2.0.3):
    - Flutter
  - location (0.0.1):
    - Flutter
  - location_permissions (2.0.5):
    - Flutter
  - location_web (0.0.1):
    - Flutter
  - "permission_handler (5.0.0+hotfix.6)":
    - Flutter
  - Reachability (3.2)
  - share (0.5.2):
    - Flutter

DEPENDENCIES:
  - connectivity (from `.symlinks/plugins/connectivity/ios`)
  - connectivity_macos (from `.symlinks/plugins/connectivity_macos/ios`)
  - Flutter (from `Flutter`)
  - geolocator (from `.symlinks/plugins/geolocator/ios`)
  - google_api_availability (from `.symlinks/plugins/google_api_availability/ios`)
  - location (from `.symlinks/plugins/location/ios`)
  - location_permissions (from `.symlinks/plugins/location_permissions/ios`)
  - location_web (from `.symlinks/plugins/location_web/ios`)
  - permission_handler (from `.symlinks/plugins/permission_handler/ios`)
  - share (from `.symlinks/plugins/share/ios`)

SPEC REPOS:
  trunk:
    - Reachability

EXTERNAL SOURCES:
  connectivity:
    :path: ".symlinks/plugins/connectivity/ios"
  connectivity_macos:
    :path: ".symlinks/plugins/connectivity_macos/ios"
  Flutter:
    :path: Flutter
  geolocator:
    :path: ".symlinks/plugins/geolocator/ios"
  google_api_availability:
    :path: ".symlinks/plugins/google_api_availability/ios"
  location:
    :path: ".symlinks/plugins/location/ios"
  location_permissions:
    :path: ".symlinks/plugins/location_permissions/ios"
  location_web:
    :path: ".symlinks/plugins/location_web/ios"
  permission_handler:
    :path: ".symlinks/plugins/permission_handler/ios"
  share:
    :path: ".symlinks/plugins/share/ios"

SPEC CHECKSUMS:
  connectivity: c4130b2985d4ef6fd26f9702e886bd5260681467
  connectivity_macos: e2e9731b6b22dda39eb1b128f6969d574460e191
  Flutter: 0e3d915762c693b495b44d77113d4970485de6ec
  geolocator: 7cdcf71180b80913b3cd84ab715d3b5365b378af
  google_api_availability: 526574c9a5a0ae541e18c65f98e47afc11f53c8b
  location: 3a2eed4dd2fab25e7b7baf2a9efefe82b512d740
  location_permissions: 4a49d4e5bec5b653643e551ab77963cc99bb0e4a
  location_web: b94e7433cfe28c0f7c8923c2ee482824b32e55a7
  permission_handler: b7a0953389e699927c6217933754cdcd0fa2c5a7
  Reachability: 33e18b67625424e47b6cde6d202dce689ad7af96
  share: bae0a282aab4483288913fc4dc0b935d4b491f2e

PODFILE CHECKSUM: 1b66dae606f75376c5f2135a8290850eeb09ae83

COCOAPODS: 1.9.3
